
Microsoft Visual Studio Solution File, Format Version 12.00
# Visual Studio 15
VisualStudioVersion = 15.0.27004.2006
MinimumVisualStudioVersion = 10.0.40219.1
Project("{FAE04EC0-301F-11D3-BF4B-00C04F79EFBC}") = "ITI.DungeonPlanet.Gui", "ITI.DungeonPlanet.Gui\ITI.DungeonPlanet.Gui.csproj", "{5FD54758-3FDA-44C0-963C-DD11CB218F92}"
EndProject
Project("{FAE04EC0-301F-11D3-BF4B-00C04F79EFBC}") = "ITI.DungeonPlanet", "ITI.DungeonPlanet\ITI.DungeonPlanet.csproj", "{B4AAEEB3-02AF-45F1-9999-DF9D2A1A0B10}"
EndProject
Global
	GlobalSection(SolutionConfigurationPlatforms) = preSolution
		Debug|Any CPU = Debug|Any CPU
		Debug|x86 = Debug|x86
		Release|Any CPU = Release|Any CPU
		Release|x86 = Release|x86
	EndGlobalSection
	GlobalSection(ProjectConfigurationPlatforms) = postSolution
		{5FD54758-3FDA-44C0-963C-DD11CB218F92}.Debug|Any CPU.ActiveCfg = Debug|x86
		{5FD54758-3FDA-44C0-963C-DD11CB218F92}.Debug|x86.ActiveCfg = Debug|x86
		{5FD54758-3FDA-44C0-963C-DD11CB218F92}.Debug|x86.Build.0 = Debug|x86
		{5FD54758-3FDA-44C0-963C-DD11CB218F92}.Release|Any CPU.ActiveCfg = Release|x86
		{5FD54758-3FDA-44C0-963C-DD11CB218F92}.Release|x86.ActiveCfg = Release|x86
		{5FD54758-3FDA-44C0-963C-DD11CB218F92}.Release|x86.Build.0 = Release|x86
		{B4AAEEB3-02AF-45F1-9999-DF9D2A1A0B10}.Debug|Any CPU.ActiveCfg = Debug|Any CPU
		{B4AAEEB3-02AF-45F1-9999-DF9D2A1A0B10}.Debug|Any CPU.Build.0 = Debug|Any CPU
		{B4AAEEB3-02AF-45F1-9999-DF9D2A1A0B10}.Debug|x86.ActiveCfg = Debug|Any CPU
		{B4AAEEB3-02AF-45F1-9999-DF9D2A1A0B10}.Debug|x86.Build.0 = Debug|Any CPU
		{B4AAEEB3-02AF-45F1-9999-DF9D2A1A0B10}.Release|Any CPU.ActiveCfg = Release|Any CPU
		{B4AAEEB3-02AF-45F1-9999-DF9D2A1A0B10}.Release|Any CPU.Build.0 = Release|Any CPU
		{B4AAEEB3-02AF-45F1-9999-DF9D2A1A0B10}.Release|x86.ActiveCfg = Release|Any CPU
		{B4AAEEB3-02AF-45F1-9999-DF9D2A1A0B10}.Release|x86.Build.0 = Release|Any CPU
	EndGlobalSection
	GlobalSection(SolutionProperties) = preSolution
		HideSolutionNode = FALSE
	EndGlobalSection
	GlobalSection(ExtensibilityGlobals) = postSolution
		SolutionGuid = {F4C102AF-2184-4B33-8205-6B4196C62CBB}
	EndGlobalSection
EndGlobal
